
Microsoft Visual Studio Solution File, Format Version 12.00
# Visual Studio Version 16
VisualStudioVersion = 16.0.30225.117
MinimumVisualStudioVersion = 10.0.40219.1
Project("{FAE04EC0-301F-11D3-BF4B-00C04F79EFBC}") = "Paint", "Paint\Paint.csproj", "{3FE1047F-53CF-4D13-8A65-E0E8B705BD90}"
EndProject
Project("{FAE04EC0-301F-11D3-BF4B-00C04F79EFBC}") = "Specks", "Specks\Specks.csproj", "{2464ED27-A781-4AFF-AE0D-6CF0901C8903}"
EndProject
Global
	GlobalSection(SolutionConfigurationPlatforms) = preSolution
		Debug|Any CPU = Debug|Any CPU
		Release|Any CPU = Release|Any CPU
	EndGlobalSection
	GlobalSection(ProjectConfigurationPlatforms) = postSolution
		{3FE1047F-53CF-4D13-8A65-E0E8B705BD90}.Debug|Any CPU.ActiveCfg = Debug|Any CPU
		{3FE1047F-53CF-4D13-8A65-E0E8B705BD90}.Debug|Any CPU.Build.0 = Debug|Any CPU
		{3FE1047F-53CF-4D13-8A65-E0E8B705BD90}.Release|Any CPU.ActiveCfg = Release|Any CPU
		{3FE1047F-53CF-4D13-8A65-E0E8B705BD90}.Release|Any CPU.Build.0 = Release|Any CPU
		{2464ED27-A781-4AFF-AE0D-6CF0901C8903}.Debug|Any CPU.ActiveCfg = Debug|Any CPU
		{2464ED27-A781-4AFF-AE0D-6CF0901C8903}.Debug|Any CPU.Build.0 = Debug|Any CPU
		{2464ED27-A781-4AFF-AE0D-6CF0901C8903}.Release|Any CPU.ActiveCfg = Release|Any CPU
		{2464ED27-A781-4AFF-AE0D-6CF0901C8903}.Release|Any CPU.Build.0 = Release|Any CPU
	EndGlobalSection
	GlobalSection(SolutionProperties) = preSolution
		HideSolutionNode = FALSE
	EndGlobalSection
	GlobalSection(ExtensibilityGlobals) = postSolution
		SolutionGuid = {33DBD02A-04BA-4036-B0C4-FA1E2C75F5F2}
	EndGlobalSection
EndGlobal
